{
  "requires": true,
  "lockfileVersion": 1,
  "dependencies": {
    "@angular/fire": {
      "version": "5.1.1",
      "resolved": "https://registry.npmjs.org/@angular/fire/-/fire-5.1.1.tgz",
      "integrity": "sha512-QfLVEhZYW3+3fh2d1z76/vab1GkLnEQWzFQK06D1ZaT8jZsVEdFMIPr7GSTJWAuOdqBRYq14iqzqEkJH3WHzig=="
    },
    "angularfire2": {
      "version": "5.1.1",
      "resolved": "https://registry.npmjs.org/angularfire2/-/angularfire2-5.1.1.tgz",
      "integrity": "sha512-xW37qu3y9yZyqEYF/j2CIMaavwaufhlESfVKQ6FVCcSI2XaZ7bwlNwLJ6AIMyUL2uuf5P+iHyh9HnnJJkmCyFQ==",
      "requires": {
        "@angular/fire": "5.1.1"
      }
    }
  }
}
